
Microsoft Visual Studio Solution File, Format Version 12.00
# Visual Studio Version 16
VisualStudioVersion = 16.0.34031.81
MinimumVisualStudioVersion = 10.0.40219.1
Project("{2150E333-8FDC-42A3-9474-1A3956D46DE8}") = "Task0", "Task0", "{D924DC0F-9E7A-42E0-AE67-2ACF5AAF57EA}"
EndProject
Project("{FAE04EC0-301F-11D3-BF4B-00C04F79EFBC}") = "Tyuiu.KomarovMA.Sprint2.Task0.V27", "Tyuiu.KomarovMA.Sprint2.Task0.V27\Tyuiu.KomarovMA.Sprint2.Task0.V27.csproj", "{EE81B3A8-9A69-4E53-A0A9-93F6F7D5AA88}"
EndProject
Project("{FAE04EC0-301F-11D3-BF4B-00C04F79EFBC}") = "Tyuiu.KomarovMA.Sprint2.Task0.V27.Lib", "Tyuiu.KomarovMA.Sprint2.Task0.V27.Lib\Tyuiu.KomarovMA.Sprint2.Task0.V27.Lib.csproj", "{3CB83C6E-ABFB-430D-8B5C-E33F2A944029}"
EndProject
Project("{FAE04EC0-301F-11D3-BF4B-00C04F79EFBC}") = "Tyuiu.KomarovMA.Sprint2.Task0.V27.Test", "Tyuiu.KomarovMA.Sprint2.Task0.V27.Test\Tyuiu.KomarovMA.Sprint2.Task0.V27.Test.csproj", "{1EB096CD-A641-4134-8FB2-C60550FFE452}"
EndProject
Project("{2150E333-8FDC-42A3-9474-1A3956D46DE8}") = "Task2", "Task2", "{42486EFB-0D60-424F-AD69-D3753225CC2B}"
EndProject
Project("{FAE04EC0-301F-11D3-BF4B-00C04F79EFBC}") = "Tyuiu.KomarovMA.Sprint2.Task2.V27", "Tyuiu.KomarovMA.Sprint2.Task2.V27\Tyuiu.KomarovMA.Sprint2.Task2.V27.csproj", "{A6A87C01-DB73-48B9-9149-B19EAD404E8A}"
EndProject
Project("{FAE04EC0-301F-11D3-BF4B-00C04F79EFBC}") = "Tyuiu.KomarovMA.Sprint2.Task2.V27.Lib", "Tyuiu.KomarovMA.Sprint2.Task2.V27.Lib\Tyuiu.KomarovMA.Sprint2.Task2.V27.Lib.csproj", "{6DE24578-DF8E-4F3C-971D-A40FB55AA147}"
EndProject
Project("{FAE04EC0-301F-11D3-BF4B-00C04F79EFBC}") = "Tyuiu.KomarovMA.Sprint2.Task2.V27.Test", "Tyuiu.KomarovMA.Sprint2.Task2.V27.Test\Tyuiu.KomarovMA.Sprint2.Task2.V27.Test.csproj", "{3EE3EA31-1B9C-4C8B-9127-7426F48AAC06}"
EndProject
Project("{FAE04EC0-301F-11D3-BF4B-00C04F79EFBC}") = "Tyuiu.KomarovMA.Sprint2.Task1.V4", "Tyuiu.KomarovMA.Sprint2.Task1.V4\Tyuiu.KomarovMA.Sprint2.Task1.V4.csproj", "{1B7EBDCD-6463-487E-9CD6-3A5D73801CF4}"
EndProject
Project("{2150E333-8FDC-42A3-9474-1A3956D46DE8}") = "Task1", "Task1", "{9215437B-2270-43D0-B3CB-52CAB54C83A0}"
EndProject
Project("{FAE04EC0-301F-11D3-BF4B-00C04F79EFBC}") = "Tyuiu.KomarovMA.Sprint2.Task1.V4.Lib", "Tyuiu.KomarovMA.Sprint2.Task1.V4.Lib\Tyuiu.KomarovMA.Sprint2.Task1.V4.Lib.csproj", "{35E0F309-ED1C-443B-91C6-4FA0D646C522}"
EndProject
Project("{FAE04EC0-301F-11D3-BF4B-00C04F79EFBC}") = "Tyuiu.KomarovMA.Sprint2.Task1.V4.Test", "Tyuiu.KomarovMA.Sprint2.Task1.V4.Test\Tyuiu.KomarovMA.Sprint2.Task1.V4.Test.csproj", "{46BC70B1-99CC-4DA3-923E-2A0218C70223}"
EndProject
Project("{2150E333-8FDC-42A3-9474-1A3956D46DE8}") = "Task3", "Task3", "{6C83879D-EADD-4D96-94D2-B45DE24E8A83}"
EndProject
Project("{FAE04EC0-301F-11D3-BF4B-00C04F79EFBC}") = "Tyuiu.KomarovMA.Sprint2.Task3.V8", "Tyuiu.KomarovMA.Sprint2.Task3.V8\Tyuiu.KomarovMA.Sprint2.Task3.V8.csproj", "{ECD1AAF1-AD2C-489C-8F74-DD8FB4BD165A}"
EndProject
Project("{FAE04EC0-301F-11D3-BF4B-00C04F79EFBC}") = "Tyuiu.KomarovMA.Sprint2.Task3.V8.Lib", "Tyuiu.KomarovMA.Sprint2.Task3.V8.Lib\Tyuiu.KomarovMA.Sprint2.Task3.V8.Lib.csproj", "{D2A0B0E7-194D-43DA-BB3D-D985A42E3521}"
EndProject
Project("{FAE04EC0-301F-11D3-BF4B-00C04F79EFBC}") = "Tyuiu.KomarovMA.Sprint2.Task3.V8.Test", "Tyuiu.KomarovMA.Sprint2.Task3.V8.Test\Tyuiu.KomarovMA.Sprint2.Task3.V8.Test.csproj", "{B66845C9-0446-4492-A349-91015A2CC6DA}"
EndProject
Global
	GlobalSection(SolutionConfigurationPlatforms) = preSolution
		Debug|Any CPU = Debug|Any CPU
		Release|Any CPU = Release|Any CPU
	EndGlobalSection
	GlobalSection(ProjectConfigurationPlatforms) = postSolution
		{EE81B3A8-9A69-4E53-A0A9-93F6F7D5AA88}.Debug|Any CPU.ActiveCfg = Debug|Any CPU
		{EE81B3A8-9A69-4E53-A0A9-93F6F7D5AA88}.Debug|Any CPU.Build.0 = Debug|Any CPU
		{EE81B3A8-9A69-4E53-A0A9-93F6F7D5AA88}.Release|Any CPU.ActiveCfg = Release|Any CPU
		{EE81B3A8-9A69-4E53-A0A9-93F6F7D5AA88}.Release|Any CPU.Build.0 = Release|Any CPU
		{3CB83C6E-ABFB-430D-8B5C-E33F2A944029}.Debug|Any CPU.ActiveCfg = Debug|Any CPU
		{3CB83C6E-ABFB-430D-8B5C-E33F2A944029}.Debug|Any CPU.Build.0 = Debug|Any CPU
		{3CB83C6E-ABFB-430D-8B5C-E33F2A944029}.Release|Any CPU.ActiveCfg = Release|Any CPU
		{3CB83C6E-ABFB-430D-8B5C-E33F2A944029}.Release|Any CPU.Build.0 = Release|Any CPU
		{1EB096CD-A641-4134-8FB2-C60550FFE452}.Debug|Any CPU.ActiveCfg = Debug|Any CPU
		{1EB096CD-A641-4134-8FB2-C60550FFE452}.Debug|Any CPU.Build.0 = Debug|Any CPU
		{1EB096CD-A641-4134-8FB2-C60550FFE452}.Release|Any CPU.ActiveCfg = Release|Any CPU
		{1EB096CD-A641-4134-8FB2-C60550FFE452}.Release|Any CPU.Build.0 = Release|Any CPU
		{A6A87C01-DB73-48B9-9149-B19EAD404E8A}.Debug|Any CPU.ActiveCfg = Debug|Any CPU
		{A6A87C01-DB73-48B9-9149-B19EAD404E8A}.Debug|Any CPU.Build.0 = Debug|Any CPU
		{A6A87C01-DB73-48B9-9149-B19EAD404E8A}.Release|Any CPU.ActiveCfg = Release|Any CPU
		{A6A87C01-DB73-48B9-9149-B19EAD404E8A}.Release|Any CPU.Build.0 = Release|Any CPU
		{6DE24578-DF8E-4F3C-971D-A40FB55AA147}.Debug|Any CPU.ActiveCfg = Debug|Any CPU
		{6DE24578-DF8E-4F3C-971D-A40FB55AA147}.Debug|Any CPU.Build.0 = Debug|Any CPU
		{6DE24578-DF8E-4F3C-971D-A40FB55AA147}.Release|Any CPU.ActiveCfg = Release|Any CPU
		{6DE24578-DF8E-4F3C-971D-A40FB55AA147}.Release|Any CPU.Build.0 = Release|Any CPU
		{3EE3EA31-1B9C-4C8B-9127-7426F48AAC06}.Debug|Any CPU.ActiveCfg = Debug|Any CPU
		{3EE3EA31-1B9C-4C8B-9127-7426F48AAC06}.Debug|Any CPU.Build.0 = Debug|Any CPU
		{3EE3EA31-1B9C-4C8B-9127-7426F48AAC06}.Release|Any CPU.ActiveCfg = Release|Any CPU
		{3EE3EA31-1B9C-4C8B-9127-7426F48AAC06}.Release|Any CPU.Build.0 = Release|Any CPU
		{1B7EBDCD-6463-487E-9CD6-3A5D73801CF4}.Debug|Any CPU.ActiveCfg = Debug|Any CPU
		{1B7EBDCD-6463-487E-9CD6-3A5D73801CF4}.Debug|Any CPU.Build.0 = Debug|Any CPU
		{1B7EBDCD-6463-487E-9CD6-3A5D73801CF4}.Release|Any CPU.ActiveCfg = Release|Any CPU
		{1B7EBDCD-6463-487E-9CD6-3A5D73801CF4}.Release|Any CPU.Build.0 = Release|Any CPU
		{35E0F309-ED1C-443B-91C6-4FA0D646C522}.Debug|Any CPU.ActiveCfg = Debug|Any CPU
		{35E0F309-ED1C-443B-91C6-4FA0D646C522}.Debug|Any CPU.Build.0 = Debug|Any CPU
		{35E0F309-ED1C-443B-91C6-4FA0D646C522}.Release|Any CPU.ActiveCfg = Release|Any CPU
		{35E0F309-ED1C-443B-91C6-4FA0D646C522}.Release|Any CPU.Build.0 = Release|Any CPU
		{46BC70B1-99CC-4DA3-923E-2A0218C70223}.Debug|Any CPU.ActiveCfg = Debug|Any CPU
		{46BC70B1-99CC-4DA3-923E-2A0218C70223}.Debug|Any CPU.Build.0 = Debug|Any CPU
		{46BC70B1-99CC-4DA3-923E-2A0218C70223}.Release|Any CPU.ActiveCfg = Release|Any CPU
		{46BC70B1-99CC-4DA3-923E-2A0218C70223}.Release|Any CPU.Build.0 = Release|Any CPU
		{ECD1AAF1-AD2C-489C-8F74-DD8FB4BD165A}.Debug|Any CPU.ActiveCfg = Debug|Any CPU
		{ECD1AAF1-AD2C-489C-8F74-DD8FB4BD165A}.Debug|Any CPU.Build.0 = Debug|Any CPU
		{ECD1AAF1-AD2C-489C-8F74-DD8FB4BD165A}.Release|Any CPU.ActiveCfg = Release|Any CPU
		{ECD1AAF1-AD2C-489C-8F74-DD8FB4BD165A}.Release|Any CPU.Build.0 = Release|Any CPU
		{D2A0B0E7-194D-43DA-BB3D-D985A42E3521}.Debug|Any CPU.ActiveCfg = Debug|Any CPU
		{D2A0B0E7-194D-43DA-BB3D-D985A42E3521}.Debug|Any CPU.Build.0 = Debug|Any CPU
		{D2A0B0E7-194D-43DA-BB3D-D985A42E3521}.Release|Any CPU.ActiveCfg = Release|Any CPU
		{D2A0B0E7-194D-43DA-BB3D-D985A42E3521}.Release|Any CPU.Build.0 = Release|Any CPU
		{B66845C9-0446-4492-A349-91015A2CC6DA}.Debug|Any CPU.ActiveCfg = Debug|Any CPU
		{B66845C9-0446-4492-A349-91015A2CC6DA}.Debug|Any CPU.Build.0 = Debug|Any CPU
		{B66845C9-0446-4492-A349-91015A2CC6DA}.Release|Any CPU.ActiveCfg = Release|Any CPU
		{B66845C9-0446-4492-A349-91015A2CC6DA}.Release|Any CPU.Build.0 = Release|Any CPU
	EndGlobalSection
	GlobalSection(SolutionProperties) = preSolution
		HideSolutionNode = FALSE
	EndGlobalSection
	GlobalSection(NestedProjects) = preSolution
		{EE81B3A8-9A69-4E53-A0A9-93F6F7D5AA88} = {D924DC0F-9E7A-42E0-AE67-2ACF5AAF57EA}
		{3CB83C6E-ABFB-430D-8B5C-E33F2A944029} = {D924DC0F-9E7A-42E0-AE67-2ACF5AAF57EA}
		{1EB096CD-A641-4134-8FB2-C60550FFE452} = {D924DC0F-9E7A-42E0-AE67-2ACF5AAF57EA}
		{A6A87C01-DB73-48B9-9149-B19EAD404E8A} = {42486EFB-0D60-424F-AD69-D3753225CC2B}
		{6DE24578-DF8E-4F3C-971D-A40FB55AA147} = {42486EFB-0D60-424F-AD69-D3753225CC2B}
		{3EE3EA31-1B9C-4C8B-9127-7426F48AAC06} = {42486EFB-0D60-424F-AD69-D3753225CC2B}
		{1B7EBDCD-6463-487E-9CD6-3A5D73801CF4} = {9215437B-2270-43D0-B3CB-52CAB54C83A0}
		{35E0F309-ED1C-443B-91C6-4FA0D646C522} = {9215437B-2270-43D0-B3CB-52CAB54C83A0}
		{46BC70B1-99CC-4DA3-923E-2A0218C70223} = {9215437B-2270-43D0-B3CB-52CAB54C83A0}
		{ECD1AAF1-AD2C-489C-8F74-DD8FB4BD165A} = {6C83879D-EADD-4D96-94D2-B45DE24E8A83}
		{D2A0B0E7-194D-43DA-BB3D-D985A42E3521} = {6C83879D-EADD-4D96-94D2-B45DE24E8A83}
		{B66845C9-0446-4492-A349-91015A2CC6DA} = {6C83879D-EADD-4D96-94D2-B45DE24E8A83}
	EndGlobalSection
	GlobalSection(ExtensibilityGlobals) = postSolution
		SolutionGuid = {65290A2E-2433-48B6-9117-C85BCC74AB33}
	EndGlobalSection
EndGlobal
